
Microsoft Visual Studio Solution File, Format Version 12.00
# Visual Studio Version 17
VisualStudioVersion = 17.2.32616.157
MinimumVisualStudioVersion = 10.0.40219.1
Project("{9A19103F-16F7-4668-BE54-9A1E7A4F7556}") = "ConventionsAideGW", "Gateways\ConventionsAideGW\ConventionsAideGW.csproj", "{A591CB71-FF63-4C38-9F11-1ED1DE16D90C}"
EndProject
Project("{2150E333-8FDC-42A3-9474-1A3956D46DE8}") = "Core", "Core", "{16CB4697-6B75-4D43-BA3C-B20F68532B0D}"
EndProject
Project("{9A19103F-16F7-4668-BE54-9A1E7A4F7556}") = "Core.Common", "Core\Core.Common\Core.Common.csproj", "{9DECEF5F-E798-418F-A9B9-E1DF83EFD88B}"
EndProject
Project("{2150E333-8FDC-42A3-9474-1A3956D46DE8}") = "Gateways", "Gateways", "{B4A9374F-8BA1-4760-A615-94386C1BC132}"
EndProject
Project("{9A19103F-16F7-4668-BE54-9A1E7A4F7556}") = "Core.Authentication", "Core\Core.Authentication\Core.Authentication.csproj", "{1BD2EE89-0FD7-4BBE-B7AF-D7B5D68D10CA}"
EndProject
Project("{9A19103F-16F7-4668-BE54-9A1E7A4F7556}") = "Core.Communication", "Core\Core.Communication\Core.Communication.csproj", "{DB18B099-574B-446D-A0B3-BE56CC676E20}"
EndProject
Project("{9A19103F-16F7-4668-BE54-9A1E7A4F7556}") = "Core.Logging", "Core\Core.Logging\Core.Logging.csproj", "{76252EF2-27F3-40DA-B189-C1B1C7AD19D7}"
EndProject
Project("{9A19103F-16F7-4668-BE54-9A1E7A4F7556}") = "Core.Services", "Core\Core.Services\Core.Services.csproj", "{286220F1-F13A-4A70-989E-201BDF92524F}"
EndProject
Project("{9A19103F-16F7-4668-BE54-9A1E7A4F7556}") = "Core.HealthChecks", "Core\Core.HealthChecks\Core.HealthChecks.csproj", "{5A086733-1F8D-4107-97E6-F34AE57A6CA3}"
EndProject
Project("{2150E333-8FDC-42A3-9474-1A3956D46DE8}") = "Services", "Services", "{A3908DBF-7AA4-4A6E-B99A-6531D03373F7}"
EndProject
Project("{2150E333-8FDC-42A3-9474-1A3956D46DE8}") = "Conventions", "Conventions", "{B0BA3CF2-8294-45F0-847B-2B14DAA4195A}"
EndProject
Project("{9A19103F-16F7-4668-BE54-9A1E7A4F7556}") = "Core.Domain", "Core\Core.Domain\Core.Domain.csproj", "{3D096F01-E9DF-40F8-9815-6A93A508B7AA}"
EndProject
Project("{9A19103F-16F7-4668-BE54-9A1E7A4F7556}") = "Core.EntityFrameworkCore", "Core\Core.EntityFrameworkCore\Core.EntityFrameworkCore.csproj", "{C5896CAE-D2AD-4693-9D45-F287E323A9F0}"
EndProject
Project("{9A19103F-16F7-4668-BE54-9A1E7A4F7556}") = "ConventionsAide.Conventions.Domain", "Services\Conventions\ConventionsAide.Conventions.Domain\ConventionsAide.Conventions.Domain.csproj", "{B332E8CF-CB36-4C7A-81C3-9D884F96E253}"
EndProject
Project("{9A19103F-16F7-4668-BE54-9A1E7A4F7556}") = "ConventionsAide.Conventions.Manager", "Services\Conventions\ConventionsAide.Conventions.Manager\ConventionsAide.Conventions.Manager.csproj", "{5571CFBE-61C2-42D8-AB25-39351BC94721}"
EndProject
Project("{9A19103F-16F7-4668-BE54-9A1E7A4F7556}") = "ConventionsAide.Conventions.Contracts", "Services\Conventions\ConventionsAide.Conventions.Contracts\ConventionsAide.Conventions.Contracts.csproj", "{E84D925F-2C15-41CF-A9F9-6973A88B13D8}"
EndProject
Project("{2150E333-8FDC-42A3-9474-1A3956D46DE8}") = "Venues", "Venues", "{DFEDD5D4-7033-4F94-B8C9-C972B65AC155}"
EndProject
Project("{9A19103F-16F7-4668-BE54-9A1E7A4F7556}") = "ConventionsAide.Venues.Domain", "Services\Venues\ConventionsAide.Venues.Domain\ConventionsAide.Venues.Domain.csproj", "{5A0449C5-AE48-4234-9E82-F7DF522FFBEC}"
EndProject
Project("{9A19103F-16F7-4668-BE54-9A1E7A4F7556}") = "ConventionsAide.Venues.Manager", "Services\Venues\ConventionsAide.Venues.Manager\ConventionsAide.Venues.Manager.csproj", "{63A9AB22-448E-49BD-8B9A-100676D9782F}"
EndProject
Project("{9A19103F-16F7-4668-BE54-9A1E7A4F7556}") = "ConventionsAide.Venues.Contracts", "Services\Venues\ConventionsAide.Venues.Contracts\ConventionsAide.Venues.Contracts.csproj", "{499CFACF-6E6E-497B-A94E-963C9B439132}"
EndProject
Project("{9A19103F-16F7-4668-BE54-9A1E7A4F7556}") = "ConventionsAide.Venues.EntityFrameworkCore", "Services\Venues\ConventionsAide.Venues.EntityFrameworkCore\ConventionsAide.Venues.EntityFrameworkCore.csproj", "{E16C5AD6-545A-4974-8637-012DD0C6E38C}"
EndProject
Project("{9A19103F-16F7-4668-BE54-9A1E7A4F7556}") = "ConventionsAide.Venues.DbMigrator", "Services\Venues\ConventionsAide.Venues.DbMigrator\ConventionsAide.Venues.DbMigrator.csproj", "{FF7C3EFA-61DB-44B6-AA6B-D4E5D8C3F441}"
EndProject
Project("{9A19103F-16F7-4668-BE54-9A1E7A4F7556}") = "Core.Migrator", "Core\Core.Migrator\Core.Migrator.csproj", "{DCA549B4-6C1B-4AFF-97A2-0B942727C846}"
EndProject
Project("{9A19103F-16F7-4668-BE54-9A1E7A4F7556}") = "Core.Contracts", "Core\Core.Contracts\Core.Contracts.csproj", "{983199A4-A7E6-4241-96D6-ABF844FA98F0}"
EndProject
Project("{9A19103F-16F7-4668-BE54-9A1E7A4F7556}") = "Core.ObjectMapping", "Core\ConventionsAide.Core.ObjectMapping\Core.ObjectMapping.csproj", "{E9457E6C-D9B7-4557-B9AD-9E02E9767AA1}"
EndProject
Project("{2150E333-8FDC-42A3-9474-1A3956D46DE8}") = "Integrations", "Integrations", "{71F2E998-09CA-492E-9E05-229073B6F81E}"
EndProject
Project("{9A19103F-16F7-4668-BE54-9A1E7A4F7556}") = "ConventionsAide.Venues.Integration.OpenBrewery.Manager", "Services\Venues\Integrations\OpenBrewery\ConventionsAide.Venues.Integration.OpenBrewery.Manager\ConventionsAide.Venues.Integration.OpenBrewery.Manager.csproj", "{549E16E6-2752-4283-95C5-7FF656C10A7B}"
EndProject
Project("{9A19103F-16F7-4668-BE54-9A1E7A4F7556}") = "ConventionsAide.Venues.Integration.OpenBrewery.Contracts", "Services\Venues\Integrations\OpenBrewery\ConventionsAide.Venues.Integration.OpenBrewery.Contracts\ConventionsAide.Venues.Integration.OpenBrewery.Contracts.csproj", "{5384C295-ABB6-4C93-BB73-F3C6B0242547}"
EndProject
Project("{9A19103F-16F7-4668-BE54-9A1E7A4F7556}") = "ConventionsAide.Venues.Integration.OpenBrewery.Client", "Services\Venues\Integrations\OpenBrewery\ConventionsAide.Venues.Integration.OpenBrewery.Client\ConventionsAide.Venues.Integration.OpenBrewery.Client.csproj", "{9767D960-4A8C-4032-B4CB-6F5C6CDB7CB4}"
EndProject
Project("{E53339B2-1760-4266-BCC7-CA923CBCF16C}") = "docker-compose", "docker-compose.dcproj", "{1ADBF718-A158-43B8-86B3-4D0FDC495C29}"
EndProject
Project("{9A19103F-16F7-4668-BE54-9A1E7A4F7556}") = "ConventionsAide.Venues.Client", "Services\Venues\ConventionsAide.Venues.Client\ConventionsAide.Venues.Client.csproj", "{25D2ACED-694B-421E-8EBC-387F37190FB3}"
EndProject
Project("{2150E333-8FDC-42A3-9474-1A3956D46DE8}") = "OpenBrewery", "OpenBrewery", "{8A1E1BD6-673D-4A32-9ABA-567F3F0614E2}"
EndProject
Project("{9A19103F-16F7-4668-BE54-9A1E7A4F7556}") = "MonitorClient", "Gateways\MonitorClient\MonitorClient.csproj", "{EC627363-DAF6-464D-B820-FE4BC32CEAFF}"
EndProject
Project("{2150E333-8FDC-42A3-9474-1A3956D46DE8}") = "Users", "Users", "{91553099-ED91-4CA7-8648-C8DE8CB315BF}"
EndProject
Project("{9A19103F-16F7-4668-BE54-9A1E7A4F7556}") = "ConventionsAide.Users.Domain", "Services\Users\ConventionsAide.Users.Domain\ConventionsAide.Users.Domain.csproj", "{F29D5E37-F552-463B-9033-3062DE62F183}"
EndProject
Project("{9A19103F-16F7-4668-BE54-9A1E7A4F7556}") = "ConventionsAide.Users.Contracts", "Services\Users\ConventionsAide.Users.Contracts\ConventionsAide.Users.Contracts.csproj", "{078F30AD-A0C9-4CB9-B4CB-749CD64403F5}"
EndProject
Project("{9A19103F-16F7-4668-BE54-9A1E7A4F7556}") = "ConventionsAide.Users.EntityFrameworkCore", "Services\Users\ConventionsAide.Users.EntityFrameworkCore\ConventionsAide.Users.EntityFrameworkCore.csproj", "{AEAAD2BA-4048-4528-A0D9-B53288FCBFAE}"
EndProject
Project("{9A19103F-16F7-4668-BE54-9A1E7A4F7556}") = "ConventionsAide.Users.Client", "Services\Users\ConventionsAide.Users.Client\ConventionsAide.Users.Client.csproj", "{A0FA206D-C7F0-44BF-91AE-75350BC63043}"
EndProject
Project("{9A19103F-16F7-4668-BE54-9A1E7A4F7556}") = "ConventionsAide.Users.Manager", "Services\Users\ConventionsAide.Users.Manager\ConventionsAide.Users.Manager.csproj", "{64F5EDF2-22B1-46DB-BB23-7BC751C00955}"
EndProject
Project("{9A19103F-16F7-4668-BE54-9A1E7A4F7556}") = "ConventionsAide.Users.DbMigrator", "Services\Users\ConventionsAide.Users.DbMigrator\ConventionsAide.Users.DbMigrator.csproj", "{2A41FC5A-AAA6-4CFB-AC09-9281F05F6F42}"
EndProject
Project("{2150E333-8FDC-42A3-9474-1A3956D46DE8}") = "VenueOrders", "VenueOrders", "{53E52C7D-7A53-4222-965B-971D678F366A}"
EndProject
Project("{2150E333-8FDC-42A3-9474-1A3956D46DE8}") = "Registrations", "Registrations", "{5E6FFF6B-9A17-4786-9367-E54DB1D6241E}"
EndProject
Project("{9A19103F-16F7-4668-BE54-9A1E7A4F7556}") = "ConventionsAide.VenueOrders.Domain", "Services\VenueOrders\ConventionsAide.VenueOrders.Domain\ConventionsAide.VenueOrders.Domain.csproj", "{1A547CCA-51C3-4300-8D39-A66A7B9BB931}"
EndProject
Project("{9A19103F-16F7-4668-BE54-9A1E7A4F7556}") = "ConventionsAide.VenueOrders.Contracts", "Services\VenueOrders\ConventionsAide.VenueOrders.Contracts\ConventionsAide.VenueOrders.Contracts.csproj", "{49AEBE2C-38A0-4E4D-BD8F-127B33C32BEA}"
EndProject
Project("{9A19103F-16F7-4668-BE54-9A1E7A4F7556}") = "ConventionsAide.VenueOrders.EntityFrameworkCore", "Services\VenueOrders\ConventionsAide.VenueOrders.EntityFrameworkCore\ConventionsAide.VenueOrders.EntityFrameworkCore.csproj", "{5A63CE81-C45C-4744-8C46-C797D5349F32}"
EndProject
Project("{9A19103F-16F7-4668-BE54-9A1E7A4F7556}") = "ConventionsAide.VenueOrders.Client", "Services\VenueOrders\ConventionsAide.VenueOrders.Client\ConventionsAide.VenueOrders.Client.csproj", "{0B307999-C7BD-4935-9878-4EEB56D7BE2A}"
EndProject
Project("{9A19103F-16F7-4668-BE54-9A1E7A4F7556}") = "ConventionsAide.VenueOrders.Manager", "Services\VenueOrders\ConventionsAide.VenueOrders.Manager\ConventionsAide.VenueOrders.Manager.csproj", "{A56E6F0A-3193-4ADC-AFC8-11A7F7686882}"
EndProject
Project("{9A19103F-16F7-4668-BE54-9A1E7A4F7556}") = "ConventionsAide.VenueOrders.DbMigrator", "Services\VenueOrders\ConventionsAide.VenueOrders.DbMigrator\ConventionsAide.VenueOrders.DbMigrator.csproj", "{1144BBFA-FD1F-498D-ACF9-A13C96438161}"
EndProject
Project("{9A19103F-16F7-4668-BE54-9A1E7A4F7556}") = "ConventionsAide.Registrations.DbMigrator", "Services\Registrations\ConventionsAide.Registrations.DbMigrator\ConventionsAide.Registrations.DbMigrator.csproj", "{586340BF-DDCD-4D77-9212-F64CE705D6DB}"
EndProject
Project("{9A19103F-16F7-4668-BE54-9A1E7A4F7556}") = "ConventionsAide.Registrations.Manager", "Services\Registrations\ConventionsAide.Registrations.Manager\ConventionsAide.Registrations.Manager.csproj", "{12FC54D5-81FA-47BC-BB99-D17F069ADC96}"
EndProject
Project("{9A19103F-16F7-4668-BE54-9A1E7A4F7556}") = "ConventionsAide.Registrations.Contracts", "Services\Registrations\ConventionsAide.Registrations.Contracts\ConventionsAide.Registrations.Contracts.csproj", "{07C09D69-70A1-4880-A5B4-45FDF4886809}"
EndProject
Project("{9A19103F-16F7-4668-BE54-9A1E7A4F7556}") = "ConventionsAide.Registrations.Domain", "Services\Registrations\ConventionsAide.Registrations.Domain\ConventionsAide.Registrations.Domain.csproj", "{F76D03C6-5B39-4771-82A3-9A148D1D2140}"
EndProject
Project("{9A19103F-16F7-4668-BE54-9A1E7A4F7556}") = "ConventionsAide.Registrations.Client", "Services\Registrations\ConventionsAide.Registrations.Client\ConventionsAide.Registrations.Client.csproj", "{32992A06-7C0F-4340-AF10-319386A4AB6C}"
EndProject
Project("{9A19103F-16F7-4668-BE54-9A1E7A4F7556}") = "ConventionsAide.Registrations.EntityFrameworkCore", "Services\Registrations\ConventionsAide.Registrations.EntityFrameworkCore\ConventionsAide.Registrations.EntityFrameworkCore.csproj", "{DEAF70E8-D671-448B-BA4F-3B6209BB3BE1}"
EndProject
Project("{9A19103F-16F7-4668-BE54-9A1E7A4F7556}") = "UsersAideGW", "Gateways\UsersAideGW\UsersAideGW.csproj", "{79F5A9A6-ED68-4B92-92CF-FF11617845B9}"
EndProject
Project("{FAE04EC0-301F-11D3-BF4B-00C04F79EFBC}") = "ConventionsAide.Conventions.Client", "Services\Conventions\ConventionsAide.Conventions.Client\ConventionsAide.Conventions.Client.csproj", "{BEC72E58-B388-4A27-B7B3-91B8477AC67C}"
EndProject
Project("{FAE04EC0-301F-11D3-BF4B-00C04F79EFBC}") = "ConventionsAide.VenueOrders.Domain.Shared", "Services\VenueOrders\ConventionsAide.VenueOrders.Domain.Shared\ConventionsAide.VenueOrders.Domain.Shared.csproj", "{2790BE4D-FC56-401F-8047-E9F43D4714BE}"
EndProject
Project("{FAE04EC0-301F-11D3-BF4B-00C04F79EFBC}") = "ConventionsAide.Registrations.Domain.Shared", "Services\Registrations\ConventionsAide.Registrations.Domain.Shared\ConventionsAide.Registrations.Domain.Shared.csproj", "{C60F94F0-820E-482E-BB85-E0B1D20D60ED}"
EndProject
Project("{2150E333-8FDC-42A3-9474-1A3956D46DE8}") = "TalkOrders", "TalkOrders", "{D69DB6CF-6A51-4515-8739-0AC10C1D7C35}"
EndProject
Project("{FAE04EC0-301F-11D3-BF4B-00C04F79EFBC}") = "ConventionsAide.TalkOrders.Domain", "Services\TalkOrders\ConventionsAide.TalkOrders.Domain\ConventionsAide.TalkOrders.Domain.csproj", "{514B1022-2C06-4853-A6E6-B9A9400489E5}"
EndProject
Project("{FAE04EC0-301F-11D3-BF4B-00C04F79EFBC}") = "ConventionsAide.TalkOrders.Domain.Shared", "Services\TalkOrders\ConventionsAide.TalkOrders.Domain.Shared\ConventionsAide.TalkOrders.Domain.Shared.csproj", "{E392EAEB-67ED-4C36-B32A-236D2648A349}"
EndProject
Project("{FAE04EC0-301F-11D3-BF4B-00C04F79EFBC}") = "ConventionsAide.TalkOrders.Contracts", "Services\TalkOrders\ConventionsAide.TalkOrders.Contracts\ConventionsAide.TalkOrders.Contracts.csproj", "{E5CA676C-1A82-494A-BE20-598E2BABF20F}"
EndProject
Project("{FAE04EC0-301F-11D3-BF4B-00C04F79EFBC}") = "ConventionsAide.TalkOrders.Client", "Services\TalkOrders\ConventionsAide.TalkOrders.Client\ConventionsAide.TalkOrders.Client.csproj", "{24D3D255-016A-46ED-ABE0-5930EAD75A6B}"
EndProject
Project("{FAE04EC0-301F-11D3-BF4B-00C04F79EFBC}") = "ConventionsAide.TalkOrders.EntityFrameworkCore", "Services\TalkOrders\ConventionsAide.TalkOrders.EntityFrameworkCore\ConventionsAide.TalkOrders.EntityFrameworkCore.csproj", "{52A8438D-FF64-4900-974C-68F4DC322BBC}"
EndProject
Project("{FAE04EC0-301F-11D3-BF4B-00C04F79EFBC}") = "ConventionsAide.TalkOrders.Manager", "Services\TalkOrders\ConventionsAide.TalkOrders.Manager\ConventionsAide.TalkOrders.Manager.csproj", "{0AE1C2DA-4C34-4062-8FBD-3DEABB3F8D47}"
EndProject
Project("{FAE04EC0-301F-11D3-BF4B-00C04F79EFBC}") = "ConventionsAide.TalkOrders.DbMigration", "Services\TalkOrders\ConventionsAide.TalkOrders.DbMigration\ConventionsAide.TalkOrders.DbMigration.csproj", "{EF106888-D2DD-4960-B1B6-82575DC601E6}"
EndProject
Project("{FAE04EC0-301F-11D3-BF4B-00C04F79EFBC}") = "ConventionsAide.Conventions.EntityFrameworkCore", "Services\Conventions\ConventionsAide.Conventions.EntityFrameworkCore\ConventionsAide.Conventions.EntityFrameworkCore.csproj", "{74AE394C-21FC-40CD-9CB2-C23D4AD8563F}"
EndProject
Project("{FAE04EC0-301F-11D3-BF4B-00C04F79EFBC}") = "ConventionsAide.Conventions.DbMigrator", "Services\Conventions\ConventionsAide.Conventions.DbMigrator\ConventionsAide.Conventions.DbMigrator.csproj", "{C3CE2EC3-F2A2-49BD-9B05-4DC1E32ADDDF}"
EndProject
Project("{FAE04EC0-301F-11D3-BF4B-00C04F79EFBC}") = "ConventionsAide.Users.Domain.Shared", "Services\Users\ConventionsAide.Users.Domain.Shared\ConventionsAide.Users.Domain.Shared.csproj", "{F1FE2DD4-AB94-4818-B0C5-AFBF7C00943B}"
EndProject
Global
	GlobalSection(SolutionConfigurationPlatforms) = preSolution
		Debug|Any CPU = Debug|Any CPU
		Release|Any CPU = Release|Any CPU
	EndGlobalSection
	GlobalSection(ProjectConfigurationPlatforms) = postSolution
		{A591CB71-FF63-4C38-9F11-1ED1DE16D90C}.Debug|Any CPU.ActiveCfg = Debug|Any CPU
		{A591CB71-FF63-4C38-9F11-1ED1DE16D90C}.Debug|Any CPU.Build.0 = Debug|Any CPU
		{A591CB71-FF63-4C38-9F11-1ED1DE16D90C}.Release|Any CPU.ActiveCfg = Release|Any CPU
		{A591CB71-FF63-4C38-9F11-1ED1DE16D90C}.Release|Any CPU.Build.0 = Release|Any CPU
		{9DECEF5F-E798-418F-A9B9-E1DF83EFD88B}.Debug|Any CPU.ActiveCfg = Debug|Any CPU
		{9DECEF5F-E798-418F-A9B9-E1DF83EFD88B}.Debug|Any CPU.Build.0 = Debug|Any CPU
		{9DECEF5F-E798-418F-A9B9-E1DF83EFD88B}.Release|Any CPU.ActiveCfg = Release|Any CPU
		{9DECEF5F-E798-418F-A9B9-E1DF83EFD88B}.Release|Any CPU.Build.0 = Release|Any CPU
		{1BD2EE89-0FD7-4BBE-B7AF-D7B5D68D10CA}.Debug|Any CPU.ActiveCfg = Debug|Any CPU
		{1BD2EE89-0FD7-4BBE-B7AF-D7B5D68D10CA}.Debug|Any CPU.Build.0 = Debug|Any CPU
		{1BD2EE89-0FD7-4BBE-B7AF-D7B5D68D10CA}.Release|Any CPU.ActiveCfg = Release|Any CPU
		{1BD2EE89-0FD7-4BBE-B7AF-D7B5D68D10CA}.Release|Any CPU.Build.0 = Release|Any CPU
		{DB18B099-574B-446D-A0B3-BE56CC676E20}.Debug|Any CPU.ActiveCfg = Debug|Any CPU
		{DB18B099-574B-446D-A0B3-BE56CC676E20}.Debug|Any CPU.Build.0 = Debug|Any CPU
		{DB18B099-574B-446D-A0B3-BE56CC676E20}.Release|Any CPU.ActiveCfg = Release|Any CPU
		{DB18B099-574B-446D-A0B3-BE56CC676E20}.Release|Any CPU.Build.0 = Release|Any CPU
		{76252EF2-27F3-40DA-B189-C1B1C7AD19D7}.Debug|Any CPU.ActiveCfg = Debug|Any CPU
		{76252EF2-27F3-40DA-B189-C1B1C7AD19D7}.Debug|Any CPU.Build.0 = Debug|Any CPU
		{76252EF2-27F3-40DA-B189-C1B1C7AD19D7}.Release|Any CPU.ActiveCfg = Release|Any CPU
		{76252EF2-27F3-40DA-B189-C1B1C7AD19D7}.Release|Any CPU.Build.0 = Release|Any CPU
		{286220F1-F13A-4A70-989E-201BDF92524F}.Debug|Any CPU.ActiveCfg = Debug|Any CPU
		{286220F1-F13A-4A70-989E-201BDF92524F}.Debug|Any CPU.Build.0 = Debug|Any CPU
		{286220F1-F13A-4A70-989E-201BDF92524F}.Release|Any CPU.ActiveCfg = Release|Any CPU
		{286220F1-F13A-4A70-989E-201BDF92524F}.Release|Any CPU.Build.0 = Release|Any CPU
		{5A086733-1F8D-4107-97E6-F34AE57A6CA3}.Debug|Any CPU.ActiveCfg = Debug|Any CPU
		{5A086733-1F8D-4107-97E6-F34AE57A6CA3}.Debug|Any CPU.Build.0 = Debug|Any CPU
		{5A086733-1F8D-4107-97E6-F34AE57A6CA3}.Release|Any CPU.ActiveCfg = Release|Any CPU
		{5A086733-1F8D-4107-97E6-F34AE57A6CA3}.Release|Any CPU.Build.0 = Release|Any CPU
		{3D096F01-E9DF-40F8-9815-6A93A508B7AA}.Debug|Any CPU.ActiveCfg = Debug|Any CPU
		{3D096F01-E9DF-40F8-9815-6A93A508B7AA}.Debug|Any CPU.Build.0 = Debug|Any CPU
		{3D096F01-E9DF-40F8-9815-6A93A508B7AA}.Release|Any CPU.ActiveCfg = Release|Any CPU
		{3D096F01-E9DF-40F8-9815-6A93A508B7AA}.Release|Any CPU.Build.0 = Release|Any CPU
		{C5896CAE-D2AD-4693-9D45-F287E323A9F0}.Debug|Any CPU.ActiveCfg = Debug|Any CPU
		{C5896CAE-D2AD-4693-9D45-F287E323A9F0}.Debug|Any CPU.Build.0 = Debug|Any CPU
		{C5896CAE-D2AD-4693-9D45-F287E323A9F0}.Release|Any CPU.ActiveCfg = Release|Any CPU
		{C5896CAE-D2AD-4693-9D45-F287E323A9F0}.Release|Any CPU.Build.0 = Release|Any CPU
		{B332E8CF-CB36-4C7A-81C3-9D884F96E253}.Debug|Any CPU.ActiveCfg = Debug|Any CPU
		{B332E8CF-CB36-4C7A-81C3-9D884F96E253}.Debug|Any CPU.Build.0 = Debug|Any CPU
		{B332E8CF-CB36-4C7A-81C3-9D884F96E253}.Release|Any CPU.ActiveCfg = Release|Any CPU
		{B332E8CF-CB36-4C7A-81C3-9D884F96E253}.Release|Any CPU.Build.0 = Release|Any CPU
		{5571CFBE-61C2-42D8-AB25-39351BC94721}.Debug|Any CPU.ActiveCfg = Debug|Any CPU
		{5571CFBE-61C2-42D8-AB25-39351BC94721}.Debug|Any CPU.Build.0 = Debug|Any CPU
		{5571CFBE-61C2-42D8-AB25-39351BC94721}.Release|Any CPU.ActiveCfg = Release|Any CPU
		{5571CFBE-61C2-42D8-AB25-39351BC94721}.Release|Any CPU.Build.0 = Release|Any CPU
		{E84D925F-2C15-41CF-A9F9-6973A88B13D8}.Debug|Any CPU.ActiveCfg = Debug|Any CPU
		{E84D925F-2C15-41CF-A9F9-6973A88B13D8}.Debug|Any CPU.Build.0 = Debug|Any CPU
		{E84D925F-2C15-41CF-A9F9-6973A88B13D8}.Release|Any CPU.ActiveCfg = Release|Any CPU
		{E84D925F-2C15-41CF-A9F9-6973A88B13D8}.Release|Any CPU.Build.0 = Release|Any CPU
		{5A0449C5-AE48-4234-9E82-F7DF522FFBEC}.Debug|Any CPU.ActiveCfg = Debug|Any CPU
		{5A0449C5-AE48-4234-9E82-F7DF522FFBEC}.Debug|Any CPU.Build.0 = Debug|Any CPU
		{5A0449C5-AE48-4234-9E82-F7DF522FFBEC}.Release|Any CPU.ActiveCfg = Release|Any CPU
		{5A0449C5-AE48-4234-9E82-F7DF522FFBEC}.Release|Any CPU.Build.0 = Release|Any CPU
		{63A9AB22-448E-49BD-8B9A-100676D9782F}.Debug|Any CPU.ActiveCfg = Debug|Any CPU
		{63A9AB22-448E-49BD-8B9A-100676D9782F}.Debug|Any CPU.Build.0 = Debug|Any CPU
		{63A9AB22-448E-49BD-8B9A-100676D9782F}.Release|Any CPU.ActiveCfg = Release|Any CPU
		{63A9AB22-448E-49BD-8B9A-100676D9782F}.Release|Any CPU.Build.0 = Release|Any CPU
		{499CFACF-6E6E-497B-A94E-963C9B439132}.Debug|Any CPU.ActiveCfg = Debug|Any CPU
		{499CFACF-6E6E-497B-A94E-963C9B439132}.Debug|Any CPU.Build.0 = Debug|Any CPU
		{499CFACF-6E6E-497B-A94E-963C9B439132}.Release|Any CPU.ActiveCfg = Release|Any CPU
		{499CFACF-6E6E-497B-A94E-963C9B439132}.Release|Any CPU.Build.0 = Release|Any CPU
		{E16C5AD6-545A-4974-8637-012DD0C6E38C}.Debug|Any CPU.ActiveCfg = Debug|Any CPU
		{E16C5AD6-545A-4974-8637-012DD0C6E38C}.Debug|Any CPU.Build.0 = Debug|Any CPU
		{E16C5AD6-545A-4974-8637-012DD0C6E38C}.Release|Any CPU.ActiveCfg = Release|Any CPU
		{E16C5AD6-545A-4974-8637-012DD0C6E38C}.Release|Any CPU.Build.0 = Release|Any CPU
		{FF7C3EFA-61DB-44B6-AA6B-D4E5D8C3F441}.Debug|Any CPU.ActiveCfg = Debug|Any CPU
		{FF7C3EFA-61DB-44B6-AA6B-D4E5D8C3F441}.Debug|Any CPU.Build.0 = Debug|Any CPU
		{FF7C3EFA-61DB-44B6-AA6B-D4E5D8C3F441}.Release|Any CPU.ActiveCfg = Release|Any CPU
		{FF7C3EFA-61DB-44B6-AA6B-D4E5D8C3F441}.Release|Any CPU.Build.0 = Release|Any CPU
		{DCA549B4-6C1B-4AFF-97A2-0B942727C846}.Debug|Any CPU.ActiveCfg = Debug|Any CPU
		{DCA549B4-6C1B-4AFF-97A2-0B942727C846}.Debug|Any CPU.Build.0 = Debug|Any CPU
		{DCA549B4-6C1B-4AFF-97A2-0B942727C846}.Release|Any CPU.ActiveCfg = Release|Any CPU
		{DCA549B4-6C1B-4AFF-97A2-0B942727C846}.Release|Any CPU.Build.0 = Release|Any CPU
		{983199A4-A7E6-4241-96D6-ABF844FA98F0}.Debug|Any CPU.ActiveCfg = Debug|Any CPU
		{983199A4-A7E6-4241-96D6-ABF844FA98F0}.Debug|Any CPU.Build.0 = Debug|Any CPU
		{983199A4-A7E6-4241-96D6-ABF844FA98F0}.Release|Any CPU.ActiveCfg = Release|Any CPU
		{983199A4-A7E6-4241-96D6-ABF844FA98F0}.Release|Any CPU.Build.0 = Release|Any CPU
		{E9457E6C-D9B7-4557-B9AD-9E02E9767AA1}.Debug|Any CPU.ActiveCfg = Debug|Any CPU
		{E9457E6C-D9B7-4557-B9AD-9E02E9767AA1}.Debug|Any CPU.Build.0 = Debug|Any CPU
		{E9457E6C-D9B7-4557-B9AD-9E02E9767AA1}.Release|Any CPU.ActiveCfg = Release|Any CPU
		{E9457E6C-D9B7-4557-B9AD-9E02E9767AA1}.Release|Any CPU.Build.0 = Release|Any CPU
		{549E16E6-2752-4283-95C5-7FF656C10A7B}.Debug|Any CPU.ActiveCfg = Debug|Any CPU
		{549E16E6-2752-4283-95C5-7FF656C10A7B}.Debug|Any CPU.Build.0 = Debug|Any CPU
		{549E16E6-2752-4283-95C5-7FF656C10A7B}.Release|Any CPU.ActiveCfg = Release|Any CPU
		{549E16E6-2752-4283-95C5-7FF656C10A7B}.Release|Any CPU.Build.0 = Release|Any CPU
		{5384C295-ABB6-4C93-BB73-F3C6B0242547}.Debug|Any CPU.ActiveCfg = Debug|Any CPU
		{5384C295-ABB6-4C93-BB73-F3C6B0242547}.Debug|Any CPU.Build.0 = Debug|Any CPU
		{5384C295-ABB6-4C93-BB73-F3C6B0242547}.Release|Any CPU.ActiveCfg = Release|Any CPU
		{5384C295-ABB6-4C93-BB73-F3C6B0242547}.Release|Any CPU.Build.0 = Release|Any CPU
		{9767D960-4A8C-4032-B4CB-6F5C6CDB7CB4}.Debug|Any CPU.ActiveCfg = Debug|Any CPU
		{9767D960-4A8C-4032-B4CB-6F5C6CDB7CB4}.Debug|Any CPU.Build.0 = Debug|Any CPU
		{9767D960-4A8C-4032-B4CB-6F5C6CDB7CB4}.Release|Any CPU.ActiveCfg = Release|Any CPU
		{9767D960-4A8C-4032-B4CB-6F5C6CDB7CB4}.Release|Any CPU.Build.0 = Release|Any CPU
		{1ADBF718-A158-43B8-86B3-4D0FDC495C29}.Debug|Any CPU.ActiveCfg = Debug|Any CPU
		{1ADBF718-A158-43B8-86B3-4D0FDC495C29}.Debug|Any CPU.Build.0 = Debug|Any CPU
		{1ADBF718-A158-43B8-86B3-4D0FDC495C29}.Release|Any CPU.ActiveCfg = Release|Any CPU
		{1ADBF718-A158-43B8-86B3-4D0FDC495C29}.Release|Any CPU.Build.0 = Release|Any CPU
		{25D2ACED-694B-421E-8EBC-387F37190FB3}.Debug|Any CPU.ActiveCfg = Debug|Any CPU
		{25D2ACED-694B-421E-8EBC-387F37190FB3}.Debug|Any CPU.Build.0 = Debug|Any CPU
		{25D2ACED-694B-421E-8EBC-387F37190FB3}.Release|Any CPU.ActiveCfg = Release|Any CPU
		{25D2ACED-694B-421E-8EBC-387F37190FB3}.Release|Any CPU.Build.0 = Release|Any CPU
		{EC627363-DAF6-464D-B820-FE4BC32CEAFF}.Debug|Any CPU.ActiveCfg = Debug|Any CPU
		{EC627363-DAF6-464D-B820-FE4BC32CEAFF}.Debug|Any CPU.Build.0 = Debug|Any CPU
		{EC627363-DAF6-464D-B820-FE4BC32CEAFF}.Release|Any CPU.ActiveCfg = Release|Any CPU
		{EC627363-DAF6-464D-B820-FE4BC32CEAFF}.Release|Any CPU.Build.0 = Release|Any CPU
		{F29D5E37-F552-463B-9033-3062DE62F183}.Debug|Any CPU.ActiveCfg = Debug|Any CPU
		{F29D5E37-F552-463B-9033-3062DE62F183}.Debug|Any CPU.Build.0 = Debug|Any CPU
		{F29D5E37-F552-463B-9033-3062DE62F183}.Release|Any CPU.ActiveCfg = Release|Any CPU
		{F29D5E37-F552-463B-9033-3062DE62F183}.Release|Any CPU.Build.0 = Release|Any CPU
		{078F30AD-A0C9-4CB9-B4CB-749CD64403F5}.Debug|Any CPU.ActiveCfg = Debug|Any CPU
		{078F30AD-A0C9-4CB9-B4CB-749CD64403F5}.Debug|Any CPU.Build.0 = Debug|Any CPU
		{078F30AD-A0C9-4CB9-B4CB-749CD64403F5}.Release|Any CPU.ActiveCfg = Release|Any CPU
		{078F30AD-A0C9-4CB9-B4CB-749CD64403F5}.Release|Any CPU.Build.0 = Release|Any CPU
		{AEAAD2BA-4048-4528-A0D9-B53288FCBFAE}.Debug|Any CPU.ActiveCfg = Debug|Any CPU
		{AEAAD2BA-4048-4528-A0D9-B53288FCBFAE}.Debug|Any CPU.Build.0 = Debug|Any CPU
		{AEAAD2BA-4048-4528-A0D9-B53288FCBFAE}.Release|Any CPU.ActiveCfg = Release|Any CPU
		{AEAAD2BA-4048-4528-A0D9-B53288FCBFAE}.Release|Any CPU.Build.0 = Release|Any CPU
		{A0FA206D-C7F0-44BF-91AE-75350BC63043}.Debug|Any CPU.ActiveCfg = Debug|Any CPU
		{A0FA206D-C7F0-44BF-91AE-75350BC63043}.Debug|Any CPU.Build.0 = Debug|Any CPU
		{A0FA206D-C7F0-44BF-91AE-75350BC63043}.Release|Any CPU.ActiveCfg = Release|Any CPU
		{A0FA206D-C7F0-44BF-91AE-75350BC63043}.Release|Any CPU.Build.0 = Release|Any CPU
		{64F5EDF2-22B1-46DB-BB23-7BC751C00955}.Debug|Any CPU.ActiveCfg = Debug|Any CPU
		{64F5EDF2-22B1-46DB-BB23-7BC751C00955}.Debug|Any CPU.Build.0 = Debug|Any CPU
		{64F5EDF2-22B1-46DB-BB23-7BC751C00955}.Release|Any CPU.ActiveCfg = Release|Any CPU
		{64F5EDF2-22B1-46DB-BB23-7BC751C00955}.Release|Any CPU.Build.0 = Release|Any CPU
		{2A41FC5A-AAA6-4CFB-AC09-9281F05F6F42}.Debug|Any CPU.ActiveCfg = Debug|Any CPU
		{2A41FC5A-AAA6-4CFB-AC09-9281F05F6F42}.Debug|Any CPU.Build.0 = Debug|Any CPU
		{2A41FC5A-AAA6-4CFB-AC09-9281F05F6F42}.Release|Any CPU.ActiveCfg = Release|Any CPU
		{2A41FC5A-AAA6-4CFB-AC09-9281F05F6F42}.Release|Any CPU.Build.0 = Release|Any CPU
		{1A547CCA-51C3-4300-8D39-A66A7B9BB931}.Debug|Any CPU.ActiveCfg = Debug|Any CPU
		{1A547CCA-51C3-4300-8D39-A66A7B9BB931}.Debug|Any CPU.Build.0 = Debug|Any CPU
		{1A547CCA-51C3-4300-8D39-A66A7B9BB931}.Release|Any CPU.ActiveCfg = Release|Any CPU
		{1A547CCA-51C3-4300-8D39-A66A7B9BB931}.Release|Any CPU.Build.0 = Release|Any CPU
		{49AEBE2C-38A0-4E4D-BD8F-127B33C32BEA}.Debug|Any CPU.ActiveCfg = Debug|Any CPU
		{49AEBE2C-38A0-4E4D-BD8F-127B33C32BEA}.Debug|Any CPU.Build.0 = Debug|Any CPU
		{49AEBE2C-38A0-4E4D-BD8F-127B33C32BEA}.Release|Any CPU.ActiveCfg = Release|Any CPU
		{49AEBE2C-38A0-4E4D-BD8F-127B33C32BEA}.Release|Any CPU.Build.0 = Release|Any CPU
		{5A63CE81-C45C-4744-8C46-C797D5349F32}.Debug|Any CPU.ActiveCfg = Debug|Any CPU
		{5A63CE81-C45C-4744-8C46-C797D5349F32}.Debug|Any CPU.Build.0 = Debug|Any CPU
		{5A63CE81-C45C-4744-8C46-C797D5349F32}.Release|Any CPU.ActiveCfg = Release|Any CPU
		{5A63CE81-C45C-4744-8C46-C797D5349F32}.Release|Any CPU.Build.0 = Release|Any CPU
		{0B307999-C7BD-4935-9878-4EEB56D7BE2A}.Debug|Any CPU.ActiveCfg = Debug|Any CPU
		{0B307999-C7BD-4935-9878-4EEB56D7BE2A}.Debug|Any CPU.Build.0 = Debug|Any CPU
		{0B307999-C7BD-4935-9878-4EEB56D7BE2A}.Release|Any CPU.ActiveCfg = Release|Any CPU
		{0B307999-C7BD-4935-9878-4EEB56D7BE2A}.Release|Any CPU.Build.0 = Release|Any CPU
		{A56E6F0A-3193-4ADC-AFC8-11A7F7686882}.Debug|Any CPU.ActiveCfg = Debug|Any CPU
		{A56E6F0A-3193-4ADC-AFC8-11A7F7686882}.Debug|Any CPU.Build.0 = Debug|Any CPU
		{A56E6F0A-3193-4ADC-AFC8-11A7F7686882}.Release|Any CPU.ActiveCfg = Release|Any CPU
		{A56E6F0A-3193-4ADC-AFC8-11A7F7686882}.Release|Any CPU.Build.0 = Release|Any CPU
		{1144BBFA-FD1F-498D-ACF9-A13C96438161}.Debug|Any CPU.ActiveCfg = Debug|Any CPU
		{1144BBFA-FD1F-498D-ACF9-A13C96438161}.Debug|Any CPU.Build.0 = Debug|Any CPU
		{1144BBFA-FD1F-498D-ACF9-A13C96438161}.Release|Any CPU.ActiveCfg = Release|Any CPU
		{1144BBFA-FD1F-498D-ACF9-A13C96438161}.Release|Any CPU.Build.0 = Release|Any CPU
		{586340BF-DDCD-4D77-9212-F64CE705D6DB}.Debug|Any CPU.ActiveCfg = Debug|Any CPU
		{586340BF-DDCD-4D77-9212-F64CE705D6DB}.Debug|Any CPU.Build.0 = Debug|Any CPU
		{586340BF-DDCD-4D77-9212-F64CE705D6DB}.Release|Any CPU.ActiveCfg = Release|Any CPU
		{586340BF-DDCD-4D77-9212-F64CE705D6DB}.Release|Any CPU.Build.0 = Release|Any CPU
		{12FC54D5-81FA-47BC-BB99-D17F069ADC96}.Debug|Any CPU.ActiveCfg = Debug|Any CPU
		{12FC54D5-81FA-47BC-BB99-D17F069ADC96}.Debug|Any CPU.Build.0 = Debug|Any CPU
		{12FC54D5-81FA-47BC-BB99-D17F069ADC96}.Release|Any CPU.ActiveCfg = Release|Any CPU
		{12FC54D5-81FA-47BC-BB99-D17F069ADC96}.Release|Any CPU.Build.0 = Release|Any CPU
		{07C09D69-70A1-4880-A5B4-45FDF4886809}.Debug|Any CPU.ActiveCfg = Debug|Any CPU
		{07C09D69-70A1-4880-A5B4-45FDF4886809}.Debug|Any CPU.Build.0 = Debug|Any CPU
		{07C09D69-70A1-4880-A5B4-45FDF4886809}.Release|Any CPU.ActiveCfg = Release|Any CPU
		{07C09D69-70A1-4880-A5B4-45FDF4886809}.Release|Any CPU.Build.0 = Release|Any CPU
		{F76D03C6-5B39-4771-82A3-9A148D1D2140}.Debug|Any CPU.ActiveCfg = Debug|Any CPU
		{F76D03C6-5B39-4771-82A3-9A148D1D2140}.Debug|Any CPU.Build.0 = Debug|Any CPU
		{F76D03C6-5B39-4771-82A3-9A148D1D2140}.Release|Any CPU.ActiveCfg = Release|Any CPU
		{F76D03C6-5B39-4771-82A3-9A148D1D2140}.Release|Any CPU.Build.0 = Release|Any CPU
		{32992A06-7C0F-4340-AF10-319386A4AB6C}.Debug|Any CPU.ActiveCfg = Debug|Any CPU
		{32992A06-7C0F-4340-AF10-319386A4AB6C}.Debug|Any CPU.Build.0 = Debug|Any CPU
		{32992A06-7C0F-4340-AF10-319386A4AB6C}.Release|Any CPU.ActiveCfg = Release|Any CPU
		{32992A06-7C0F-4340-AF10-319386A4AB6C}.Release|Any CPU.Build.0 = Release|Any CPU
		{DEAF70E8-D671-448B-BA4F-3B6209BB3BE1}.Debug|Any CPU.ActiveCfg = Debug|Any CPU
		{DEAF70E8-D671-448B-BA4F-3B6209BB3BE1}.Debug|Any CPU.Build.0 = Debug|Any CPU
		{DEAF70E8-D671-448B-BA4F-3B6209BB3BE1}.Release|Any CPU.ActiveCfg = Release|Any CPU
		{DEAF70E8-D671-448B-BA4F-3B6209BB3BE1}.Release|Any CPU.Build.0 = Release|Any CPU
		{79F5A9A6-ED68-4B92-92CF-FF11617845B9}.Debug|Any CPU.ActiveCfg = Debug|Any CPU
		{79F5A9A6-ED68-4B92-92CF-FF11617845B9}.Debug|Any CPU.Build.0 = Debug|Any CPU
		{79F5A9A6-ED68-4B92-92CF-FF11617845B9}.Release|Any CPU.ActiveCfg = Release|Any CPU
		{79F5A9A6-ED68-4B92-92CF-FF11617845B9}.Release|Any CPU.Build.0 = Release|Any CPU
		{BEC72E58-B388-4A27-B7B3-91B8477AC67C}.Debug|Any CPU.ActiveCfg = Debug|Any CPU
		{BEC72E58-B388-4A27-B7B3-91B8477AC67C}.Debug|Any CPU.Build.0 = Debug|Any CPU
		{BEC72E58-B388-4A27-B7B3-91B8477AC67C}.Release|Any CPU.ActiveCfg = Release|Any CPU
		{BEC72E58-B388-4A27-B7B3-91B8477AC67C}.Release|Any CPU.Build.0 = Release|Any CPU
		{2790BE4D-FC56-401F-8047-E9F43D4714BE}.Debug|Any CPU.ActiveCfg = Debug|Any CPU
		{2790BE4D-FC56-401F-8047-E9F43D4714BE}.Debug|Any CPU.Build.0 = Debug|Any CPU
		{2790BE4D-FC56-401F-8047-E9F43D4714BE}.Release|Any CPU.ActiveCfg = Release|Any CPU
		{2790BE4D-FC56-401F-8047-E9F43D4714BE}.Release|Any CPU.Build.0 = Release|Any CPU
		{C60F94F0-820E-482E-BB85-E0B1D20D60ED}.Debug|Any CPU.ActiveCfg = Debug|Any CPU
		{C60F94F0-820E-482E-BB85-E0B1D20D60ED}.Debug|Any CPU.Build.0 = Debug|Any CPU
		{C60F94F0-820E-482E-BB85-E0B1D20D60ED}.Release|Any CPU.ActiveCfg = Release|Any CPU
		{C60F94F0-820E-482E-BB85-E0B1D20D60ED}.Release|Any CPU.Build.0 = Release|Any CPU
		{514B1022-2C06-4853-A6E6-B9A9400489E5}.Debug|Any CPU.ActiveCfg = Debug|Any CPU
		{514B1022-2C06-4853-A6E6-B9A9400489E5}.Debug|Any CPU.Build.0 = Debug|Any CPU
		{514B1022-2C06-4853-A6E6-B9A9400489E5}.Release|Any CPU.ActiveCfg = Release|Any CPU
		{514B1022-2C06-4853-A6E6-B9A9400489E5}.Release|Any CPU.Build.0 = Release|Any CPU
		{E392EAEB-67ED-4C36-B32A-236D2648A349}.Debug|Any CPU.ActiveCfg = Debug|Any CPU
		{E392EAEB-67ED-4C36-B32A-236D2648A349}.Debug|Any CPU.Build.0 = Debug|Any CPU
		{E392EAEB-67ED-4C36-B32A-236D2648A349}.Release|Any CPU.ActiveCfg = Release|Any CPU
		{E392EAEB-67ED-4C36-B32A-236D2648A349}.Release|Any CPU.Build.0 = Release|Any CPU
		{E5CA676C-1A82-494A-BE20-598E2BABF20F}.Debug|Any CPU.ActiveCfg = Debug|Any CPU
		{E5CA676C-1A82-494A-BE20-598E2BABF20F}.Debug|Any CPU.Build.0 = Debug|Any CPU
		{E5CA676C-1A82-494A-BE20-598E2BABF20F}.Release|Any CPU.ActiveCfg = Release|Any CPU
		{E5CA676C-1A82-494A-BE20-598E2BABF20F}.Release|Any CPU.Build.0 = Release|Any CPU
		{24D3D255-016A-46ED-ABE0-5930EAD75A6B}.Debug|Any CPU.ActiveCfg = Debug|Any CPU
		{24D3D255-016A-46ED-ABE0-5930EAD75A6B}.Debug|Any CPU.Build.0 = Debug|Any CPU
		{24D3D255-016A-46ED-ABE0-5930EAD75A6B}.Release|Any CPU.ActiveCfg = Release|Any CPU
		{24D3D255-016A-46ED-ABE0-5930EAD75A6B}.Release|Any CPU.Build.0 = Release|Any CPU
		{52A8438D-FF64-4900-974C-68F4DC322BBC}.Debug|Any CPU.ActiveCfg = Debug|Any CPU
		{52A8438D-FF64-4900-974C-68F4DC322BBC}.Debug|Any CPU.Build.0 = Debug|Any CPU
		{52A8438D-FF64-4900-974C-68F4DC322BBC}.Release|Any CPU.ActiveCfg = Release|Any CPU
		{52A8438D-FF64-4900-974C-68F4DC322BBC}.Release|Any CPU.Build.0 = Release|Any CPU
		{0AE1C2DA-4C34-4062-8FBD-3DEABB3F8D47}.Debug|Any CPU.ActiveCfg = Debug|Any CPU
		{0AE1C2DA-4C34-4062-8FBD-3DEABB3F8D47}.Debug|Any CPU.Build.0 = Debug|Any CPU
		{0AE1C2DA-4C34-4062-8FBD-3DEABB3F8D47}.Release|Any CPU.ActiveCfg = Release|Any CPU
		{0AE1C2DA-4C34-4062-8FBD-3DEABB3F8D47}.Release|Any CPU.Build.0 = Release|Any CPU
		{EF106888-D2DD-4960-B1B6-82575DC601E6}.Debug|Any CPU.ActiveCfg = Debug|Any CPU
		{EF106888-D2DD-4960-B1B6-82575DC601E6}.Debug|Any CPU.Build.0 = Debug|Any CPU
		{EF106888-D2DD-4960-B1B6-82575DC601E6}.Release|Any CPU.ActiveCfg = Release|Any CPU
		{EF106888-D2DD-4960-B1B6-82575DC601E6}.Release|Any CPU.Build.0 = Release|Any CPU
		{74AE394C-21FC-40CD-9CB2-C23D4AD8563F}.Debug|Any CPU.ActiveCfg = Debug|Any CPU
		{74AE394C-21FC-40CD-9CB2-C23D4AD8563F}.Debug|Any CPU.Build.0 = Debug|Any CPU
		{74AE394C-21FC-40CD-9CB2-C23D4AD8563F}.Release|Any CPU.ActiveCfg = Release|Any CPU
		{74AE394C-21FC-40CD-9CB2-C23D4AD8563F}.Release|Any CPU.Build.0 = Release|Any CPU
		{C3CE2EC3-F2A2-49BD-9B05-4DC1E32ADDDF}.Debug|Any CPU.ActiveCfg = Debug|Any CPU
		{C3CE2EC3-F2A2-49BD-9B05-4DC1E32ADDDF}.Debug|Any CPU.Build.0 = Debug|Any CPU
		{C3CE2EC3-F2A2-49BD-9B05-4DC1E32ADDDF}.Release|Any CPU.ActiveCfg = Release|Any CPU
		{C3CE2EC3-F2A2-49BD-9B05-4DC1E32ADDDF}.Release|Any CPU.Build.0 = Release|Any CPU
		{F1FE2DD4-AB94-4818-B0C5-AFBF7C00943B}.Debug|Any CPU.ActiveCfg = Debug|Any CPU
		{F1FE2DD4-AB94-4818-B0C5-AFBF7C00943B}.Debug|Any CPU.Build.0 = Debug|Any CPU
		{F1FE2DD4-AB94-4818-B0C5-AFBF7C00943B}.Release|Any CPU.ActiveCfg = Release|Any CPU
		{F1FE2DD4-AB94-4818-B0C5-AFBF7C00943B}.Release|Any CPU.Build.0 = Release|Any CPU
	EndGlobalSection
	GlobalSection(SolutionProperties) = preSolution
		HideSolutionNode = FALSE
	EndGlobalSection
	GlobalSection(NestedProjects) = preSolution
		{A591CB71-FF63-4C38-9F11-1ED1DE16D90C} = {B4A9374F-8BA1-4760-A615-94386C1BC132}
		{9DECEF5F-E798-418F-A9B9-E1DF83EFD88B} = {16CB4697-6B75-4D43-BA3C-B20F68532B0D}
		{1BD2EE89-0FD7-4BBE-B7AF-D7B5D68D10CA} = {16CB4697-6B75-4D43-BA3C-B20F68532B0D}
		{DB18B099-574B-446D-A0B3-BE56CC676E20} = {16CB4697-6B75-4D43-BA3C-B20F68532B0D}
		{76252EF2-27F3-40DA-B189-C1B1C7AD19D7} = {16CB4697-6B75-4D43-BA3C-B20F68532B0D}
		{286220F1-F13A-4A70-989E-201BDF92524F} = {16CB4697-6B75-4D43-BA3C-B20F68532B0D}
		{5A086733-1F8D-4107-97E6-F34AE57A6CA3} = {16CB4697-6B75-4D43-BA3C-B20F68532B0D}
		{B0BA3CF2-8294-45F0-847B-2B14DAA4195A} = {A3908DBF-7AA4-4A6E-B99A-6531D03373F7}
		{3D096F01-E9DF-40F8-9815-6A93A508B7AA} = {16CB4697-6B75-4D43-BA3C-B20F68532B0D}
		{C5896CAE-D2AD-4693-9D45-F287E323A9F0} = {16CB4697-6B75-4D43-BA3C-B20F68532B0D}
		{B332E8CF-CB36-4C7A-81C3-9D884F96E253} = {B0BA3CF2-8294-45F0-847B-2B14DAA4195A}
		{5571CFBE-61C2-42D8-AB25-39351BC94721} = {B0BA3CF2-8294-45F0-847B-2B14DAA4195A}
		{E84D925F-2C15-41CF-A9F9-6973A88B13D8} = {B0BA3CF2-8294-45F0-847B-2B14DAA4195A}
		{DFEDD5D4-7033-4F94-B8C9-C972B65AC155} = {A3908DBF-7AA4-4A6E-B99A-6531D03373F7}
		{5A0449C5-AE48-4234-9E82-F7DF522FFBEC} = {DFEDD5D4-7033-4F94-B8C9-C972B65AC155}
		{63A9AB22-448E-49BD-8B9A-100676D9782F} = {DFEDD5D4-7033-4F94-B8C9-C972B65AC155}
		{499CFACF-6E6E-497B-A94E-963C9B439132} = {DFEDD5D4-7033-4F94-B8C9-C972B65AC155}
		{E16C5AD6-545A-4974-8637-012DD0C6E38C} = {DFEDD5D4-7033-4F94-B8C9-C972B65AC155}
		{FF7C3EFA-61DB-44B6-AA6B-D4E5D8C3F441} = {DFEDD5D4-7033-4F94-B8C9-C972B65AC155}
		{DCA549B4-6C1B-4AFF-97A2-0B942727C846} = {16CB4697-6B75-4D43-BA3C-B20F68532B0D}
		{983199A4-A7E6-4241-96D6-ABF844FA98F0} = {16CB4697-6B75-4D43-BA3C-B20F68532B0D}
		{E9457E6C-D9B7-4557-B9AD-9E02E9767AA1} = {16CB4697-6B75-4D43-BA3C-B20F68532B0D}
		{71F2E998-09CA-492E-9E05-229073B6F81E} = {DFEDD5D4-7033-4F94-B8C9-C972B65AC155}
		{549E16E6-2752-4283-95C5-7FF656C10A7B} = {8A1E1BD6-673D-4A32-9ABA-567F3F0614E2}
		{5384C295-ABB6-4C93-BB73-F3C6B0242547} = {8A1E1BD6-673D-4A32-9ABA-567F3F0614E2}
		{9767D960-4A8C-4032-B4CB-6F5C6CDB7CB4} = {8A1E1BD6-673D-4A32-9ABA-567F3F0614E2}
		{25D2ACED-694B-421E-8EBC-387F37190FB3} = {DFEDD5D4-7033-4F94-B8C9-C972B65AC155}
		{8A1E1BD6-673D-4A32-9ABA-567F3F0614E2} = {71F2E998-09CA-492E-9E05-229073B6F81E}
		{EC627363-DAF6-464D-B820-FE4BC32CEAFF} = {B4A9374F-8BA1-4760-A615-94386C1BC132}
		{91553099-ED91-4CA7-8648-C8DE8CB315BF} = {A3908DBF-7AA4-4A6E-B99A-6531D03373F7}
		{F29D5E37-F552-463B-9033-3062DE62F183} = {91553099-ED91-4CA7-8648-C8DE8CB315BF}
		{078F30AD-A0C9-4CB9-B4CB-749CD64403F5} = {91553099-ED91-4CA7-8648-C8DE8CB315BF}
		{AEAAD2BA-4048-4528-A0D9-B53288FCBFAE} = {91553099-ED91-4CA7-8648-C8DE8CB315BF}
		{A0FA206D-C7F0-44BF-91AE-75350BC63043} = {91553099-ED91-4CA7-8648-C8DE8CB315BF}
		{64F5EDF2-22B1-46DB-BB23-7BC751C00955} = {91553099-ED91-4CA7-8648-C8DE8CB315BF}
		{2A41FC5A-AAA6-4CFB-AC09-9281F05F6F42} = {91553099-ED91-4CA7-8648-C8DE8CB315BF}
		{53E52C7D-7A53-4222-965B-971D678F366A} = {A3908DBF-7AA4-4A6E-B99A-6531D03373F7}
		{5E6FFF6B-9A17-4786-9367-E54DB1D6241E} = {A3908DBF-7AA4-4A6E-B99A-6531D03373F7}
		{1A547CCA-51C3-4300-8D39-A66A7B9BB931} = {53E52C7D-7A53-4222-965B-971D678F366A}
		{49AEBE2C-38A0-4E4D-BD8F-127B33C32BEA} = {53E52C7D-7A53-4222-965B-971D678F366A}
		{5A63CE81-C45C-4744-8C46-C797D5349F32} = {53E52C7D-7A53-4222-965B-971D678F366A}
		{0B307999-C7BD-4935-9878-4EEB56D7BE2A} = {53E52C7D-7A53-4222-965B-971D678F366A}
		{A56E6F0A-3193-4ADC-AFC8-11A7F7686882} = {53E52C7D-7A53-4222-965B-971D678F366A}
		{1144BBFA-FD1F-498D-ACF9-A13C96438161} = {53E52C7D-7A53-4222-965B-971D678F366A}
		{586340BF-DDCD-4D77-9212-F64CE705D6DB} = {5E6FFF6B-9A17-4786-9367-E54DB1D6241E}
		{12FC54D5-81FA-47BC-BB99-D17F069ADC96} = {5E6FFF6B-9A17-4786-9367-E54DB1D6241E}
		{07C09D69-70A1-4880-A5B4-45FDF4886809} = {5E6FFF6B-9A17-4786-9367-E54DB1D6241E}
		{F76D03C6-5B39-4771-82A3-9A148D1D2140} = {5E6FFF6B-9A17-4786-9367-E54DB1D6241E}
		{32992A06-7C0F-4340-AF10-319386A4AB6C} = {5E6FFF6B-9A17-4786-9367-E54DB1D6241E}
		{DEAF70E8-D671-448B-BA4F-3B6209BB3BE1} = {5E6FFF6B-9A17-4786-9367-E54DB1D6241E}
		{79F5A9A6-ED68-4B92-92CF-FF11617845B9} = {B4A9374F-8BA1-4760-A615-94386C1BC132}
		{BEC72E58-B388-4A27-B7B3-91B8477AC67C} = {B0BA3CF2-8294-45F0-847B-2B14DAA4195A}
		{2790BE4D-FC56-401F-8047-E9F43D4714BE} = {53E52C7D-7A53-4222-965B-971D678F366A}
		{C60F94F0-820E-482E-BB85-E0B1D20D60ED} = {5E6FFF6B-9A17-4786-9367-E54DB1D6241E}
		{D69DB6CF-6A51-4515-8739-0AC10C1D7C35} = {A3908DBF-7AA4-4A6E-B99A-6531D03373F7}
		{514B1022-2C06-4853-A6E6-B9A9400489E5} = {D69DB6CF-6A51-4515-8739-0AC10C1D7C35}
		{E392EAEB-67ED-4C36-B32A-236D2648A349} = {D69DB6CF-6A51-4515-8739-0AC10C1D7C35}
		{E5CA676C-1A82-494A-BE20-598E2BABF20F} = {D69DB6CF-6A51-4515-8739-0AC10C1D7C35}
		{24D3D255-016A-46ED-ABE0-5930EAD75A6B} = {D69DB6CF-6A51-4515-8739-0AC10C1D7C35}
		{52A8438D-FF64-4900-974C-68F4DC322BBC} = {D69DB6CF-6A51-4515-8739-0AC10C1D7C35}
		{0AE1C2DA-4C34-4062-8FBD-3DEABB3F8D47} = {D69DB6CF-6A51-4515-8739-0AC10C1D7C35}
		{EF106888-D2DD-4960-B1B6-82575DC601E6} = {D69DB6CF-6A51-4515-8739-0AC10C1D7C35}
		{74AE394C-21FC-40CD-9CB2-C23D4AD8563F} = {B0BA3CF2-8294-45F0-847B-2B14DAA4195A}
		{C3CE2EC3-F2A2-49BD-9B05-4DC1E32ADDDF} = {B0BA3CF2-8294-45F0-847B-2B14DAA4195A}
		{F1FE2DD4-AB94-4818-B0C5-AFBF7C00943B} = {91553099-ED91-4CA7-8648-C8DE8CB315BF}
	EndGlobalSection
	GlobalSection(ExtensibilityGlobals) = postSolution
		SolutionGuid = {3F4323AB-42E8-453A-B091-9A1F3DDF2445}
	EndGlobalSection
EndGlobal
